
Microsoft Visual Studio Solution File, Format Version 12.00
# Visual Studio Version 16
VisualStudioVersion = 16.0.31321.278
MinimumVisualStudioVersion = 10.0.40219.1
Project("{FAE04EC0-301F-11D3-BF4B-00C04F79EFBC}") = "ElevatorRotors", "space_engineers\ElevatorRotors.csproj", "{73CC50D8-4E30-47C7-B0D4-6F9BC7D0C82A}"
EndProject
Project("{FAE04EC0-301F-11D3-BF4B-00C04F79EFBC}") = "SensorReset", "SensorReset\SensorReset.csproj", "{AA97194D-F907-4FB1-9363-80160A6C9C33}"
EndProject
Global
	GlobalSection(SolutionConfigurationPlatforms) = preSolution
		Debug|x64 = Debug|x64
	EndGlobalSection
	GlobalSection(ProjectConfigurationPlatforms) = postSolution
		{73CC50D8-4E30-47C7-B0D4-6F9BC7D0C82A}.Debug|x64.ActiveCfg = Debug|x64
		{73CC50D8-4E30-47C7-B0D4-6F9BC7D0C82A}.Debug|x64.Build.0 = Debug|x64
		{AA97194D-F907-4FB1-9363-80160A6C9C33}.Debug|x64.ActiveCfg = Debug|x64
		{AA97194D-F907-4FB1-9363-80160A6C9C33}.Debug|x64.Build.0 = Debug|x64
	EndGlobalSection
	GlobalSection(SolutionProperties) = preSolution
		HideSolutionNode = FALSE
	EndGlobalSection
	GlobalSection(ExtensibilityGlobals) = postSolution
		SolutionGuid = {9BF28595-EBCB-4672-B73E-63849B8040D6}
	EndGlobalSection
EndGlobal
